// !$*UTF8*$!
{
	archiveVersion = 1;
	classes = {
	};
	objectVersion = 77;
	objects = {

/* Begin PBXContainerItemProxy section */
		C43039F22D28FAD700B45D91 /* PBXContainerItemProxy */ = {
			isa = PBXContainerItemProxy;
			containerPortal = C43039D82D28FAD500B45D91 /* Project object */;
			proxyType = 1;
			remoteGlobalIDString = C43039DF2D28FAD500B45D91;
			remoteInfo = TestMacApp;
		};
		C43039FC2D28FAD700B45D91 /* PBXContainerItemProxy */ = {
			isa = PBXContainerItemProxy;
			containerPortal = C43039D82D28FAD500B45D91 /* Project object */;
			proxyType = 1;
			remoteGlobalIDString = C43039DF2D28FAD500B45D91;
			remoteInfo = TestMacApp;
		};
/* End PBXContainerItemProxy section */

/* Begin PBXFileReference section */
		C43039E02D28FAD500B45D91 /* TestMacApp.app */ = {isa = PBXFileReference; explicitFileType = wrapper.application; includeInIndex = 0; path = TestMacApp.app; sourceTree = BUILT_PRODUCTS_DIR; };
		C43039F12D28FAD700B45D91 /* TestMacAppTests.xctest */ = {isa = PBXFileReference; explicitFileType = wrapper.cfbundle; includeInIndex = 0; path = TestMacAppTests.xctest; sourceTree = BUILT_PRODUCTS_DIR; };
		C43039FB2D28FAD700B45D91 /* TestMacAppUITests.xctest */ = {isa = PBXFileReference; explicitFileType = wrapper.cfbundle; includeInIndex = 0; path = TestMacAppUITests.xctest; sourceTree = BUILT_PRODUCTS_DIR; };
/* End PBXFileReference section */

/* Begin PBXFileSystemSynchronizedRootGroup section */
		C43039E22D28FAD500B45D91 /* TestMacApp */ = {
			isa = PBXFileSystemSynchronizedRootGroup;
			path = TestMacApp;
			sourceTree = "<group>";
		};
		C43039F42D28FAD700B45D91 /* TestMacAppTests */ = {
			isa = PBXFileSystemSynchronizedRootGroup;
			path = TestMacAppTests;
			sourceTree = "<group>";
		};
		C43039FE2D28FAD700B45D91 /* TestMacAppUITests */ = {
			isa = PBXFileSystemSynchronizedRootGroup;
			path = TestMacAppUITests;
			sourceTree = "<group>";
		};
/* End PBXFileSystemSynchronizedRootGroup section */

/* Begin PBXFrameworksBuildPhase section */
		C43039DD2D28FAD500B45D91 /* Frameworks */ = {
			isa = PBXFrameworksBuildPhase;
			buildActionMask = 2147483647;
			files = (
			);
			runOnlyForDeploymentPostprocessing = 0;
		};
		C43039EE2D28FAD700B45D91 /* Frameworks */ = {
			isa = PBXFrameworksBuildPhase;
			buildActionMask = 2147483647;
			files = (
			);
			runOnlyForDeploymentPostprocessing = 0;
		};
		C43039F82D28FAD700B45D91 /* Frameworks */ = {
			isa = PBXFrameworksBuildPhase;
			buildActionMask = 2147483647;
			files = (
			);
			runOnlyForDeploymentPostprocessing = 0;
		};
/* End PBXFrameworksBuildPhase section */

/* Begin PBXGroup section */
		C43039D72D28FAD500B45D91 = {
			isa = PBXGroup;
			children = (
				C43039E22D28FAD500B45D91 /* TestMacApp */,
				C43039F42D28FAD700B45D91 /* TestMacAppTests */,
				C43039FE2D28FAD700B45D91 /* TestMacAppUITests */,
				C43039E12D28FAD500B45D91 /* Products */,
			);
			sourceTree = "<group>";
		};
		C43039E12D28FAD500B45D91 /* Products */ = {
			isa = PBXGroup;
			children = (
				C43039E02D28FAD500B45D91 /* TestMacApp.app */,
				C43039F12D28FAD700B45D91 /* TestMacAppTests.xctest */,
				C43039FB2D28FAD700B45D91 /* TestMacAppUITests.xctest */,
			);
			name = Products;
			sourceTree = "<group>";
		};
/* End PBXGroup section */

/* Begin PBXNativeTarget section */
		C43039DF2D28FAD500B45D91 /* TestMacApp */ = {
			isa = PBXNativeTarget;
			buildConfigurationList = C4303A052D28FAD700B45D91 /* Build configuration list for PBXNativeTarget "TestMacApp" */;
			buildPhases = (
				C43039DC2D28FAD500B45D91 /* Sources */,
				C43039DD2D28FAD500B45D91 /* Frameworks */,
				C43039DE2D28FAD500B45D91 /* Resources */,
			);
			buildRules = (
			);
			dependencies = (
			);
			fileSystemSynchronizedGroups = (
				C43039E22D28FAD500B45D91 /* TestMacApp */,
			);
			name = TestMacApp;
			packageProductDependencies = (
			);
			productName = TestMacApp;
			productReference = C43039E02D28FAD500B45D91 /* TestMacApp.app */;
			productType = "com.apple.product-type.application";
		};
		C43039F02D28FAD700B45D91 /* TestMacAppTests */ = {
			isa = PBXNativeTarget;
			buildConfigurationList = C4303A082D28FAD700B45D91 /* Build configuration list for PBXNativeTarget "TestMacAppTests" */;
			buildPhases = (
				C43039ED2D28FAD700B45D91 /* Sources */,
				C43039EE2D28FAD700B45D91 /* Frameworks */,
				C43039EF2D28FAD700B45D91 /* Resources */,
			);
			buildRules = (
			);
			dependencies = (
				C43039F32D28FAD700B45D91 /* PBXTargetDependency */,
			);
			fileSystemSynchronizedGroups = (
				C43039F42D28FAD700B45D91 /* TestMacAppTests */,
			);
			name = TestMacAppTests;
			packageProductDependencies = (
			);
			productName = TestMacAppTests;
			productReference = C43039F12D28FAD700B45D91 /* TestMacAppTests.xctest */;
			productType = "com.apple.product-type.bundle.unit-test";
		};
		C43039FA2D28FAD700B45D91 /* TestMacAppUITests */ = {
			isa = PBXNativeTarget;
			buildConfigurationList = C4303A0B2D28FAD700B45D91 /* Build configuration list for PBXNativeTarget "TestMacAppUITests" */;
			buildPhases = (
				C43039F72D28FAD700B45D91 /* Sources */,
				C43039F82D28FAD700B45D91 /* Frameworks */,
				C43039F92D28FAD700B45D91 /* Resources */,
			);
			buildRules = (
			);
			dependencies = (
				C43039FD2D28FAD700B45D91 /* PBXTargetDependency */,
			);
			fileSystemSynchronizedGroups = (
				C43039FE2D28FAD700B45D91 /* TestMacAppUITests */,
			);
			name = TestMacAppUITests;
			packageProductDependencies = (
			);
			productName = TestMacAppUITests;
			productReference = C43039FB2D28FAD700B45D91 /* TestMacAppUITests.xctest */;
			productType = "com.apple.product-type.bundle.ui-testing";
		};
/* End PBXNativeTarget section */

/* Begin PBXProject section */
		C43039D82D28FAD500B45D91 /* Project object */ = {
			isa = PBXProject;
			attributes = {
				BuildIndependentTargetsInParallel = 1;
				LastSwiftUpdateCheck = 1620;
				LastUpgradeCheck = 1620;
				TargetAttributes = {
					C43039DF2D28FAD500B45D91 = {
						CreatedOnToolsVersion = 16.2;
					};
					C43039F02D28FAD700B45D91 = {
						CreatedOnToolsVersion = 16.2;
						TestTargetID = C43039DF2D28FAD500B45D91;
					};
					C43039FA2D28FAD700B45D91 = {
						CreatedOnToolsVersion = 16.2;
						TestTargetID = C43039DF2D28FAD500B45D91;
					};
				};
			};
			buildConfigurationList = C43039DB2D28FAD500B45D91 /* Build configuration list for PBXProject "TestMacApp" */;
			developmentRegion = en;
			hasScannedForEncodings = 0;
			knownRegions = (
				en,
				Base,
			);
			mainGroup = C43039D72D28FAD500B45D91;
			minimizedProjectReferenceProxies = 1;
			preferredProjectObjectVersion = 77;
			productRefGroup = C43039E12D28FAD500B45D91 /* Products */;
			projectDirPath = "";
			projectRoot = "";
			targets = (
				C43039DF2D28FAD500B45D91 /* TestMacApp */,
				C43039F02D28FAD700B45D91 /* TestMacAppTests */,
				C43039FA2D28FAD700B45D91 /* TestMacAppUITests */,
			);
		};
/* End PBXProject section */

/* Begin PBXResourcesBuildPhase section */
		C43039DE2D28FAD500B45D91 /* Resources */ = {
			isa = PBXResourcesBuildPhase;
			buildActionMask = 2147483647;
			files = (
			);
			runOnlyForDeploymentPostprocessing = 0;
		};
		C43039EF2D28FAD700B45D91 /* Resources */ = {
			isa = PBXResourcesBuildPhase;
			buildActionMask = 2147483647;
			files = (
			);
			runOnlyForDeploymentPostprocessing = 0;
		};
		C43039F92D28FAD700B45D91 /* Resources */ = {
			isa = PBXResourcesBuildPhase;
			buildActionMask = 2147483647;
			files = (
			);
			runOnlyForDeploymentPostprocessing = 0;
		};
/* End PBXResourcesBuildPhase section */

/* Begin PBXSourcesBuildPhase section */
		C43039DC2D28FAD500B45D91 /* Sources */ = {
			isa = PBXSourcesBuildPhase;
			buildActionMask = 2147483647;
			files = (
			);
			runOnlyForDeploymentPostprocessing = 0;
		};
		C43039ED2D28FAD700B45D91 /* Sources */ = {
			isa = PBXSourcesBuildPhase;
			buildActionMask = 2147483647;
			files = (
			);
			runOnlyForDeploymentPostprocessing = 0;
		};
		C43039F72D28FAD700B45D91 /* Sources */ = {
			isa = PBXSourcesBuildPhase;
			buildActionMask = 2147483647;
			files = (
			);
			runOnlyForDeploymentPostprocessing = 0;
		};
/* End PBXSourcesBuildPhase section */

/* Begin PBXTargetDependency section */
		C43039F32D28FAD700B45D91 /* PBXTargetDependency */ = {
			isa = PBXTargetDependency;
			target = C43039DF2D28FAD500B45D91 /* TestMacApp */;
			targetProxy = C43039F22D28FAD700B45D91 /* PBXContainerItemProxy */;
		};
		C43039FD2D28FAD700B45D91 /* PBXTargetDependency */ = {
			isa = PBXTargetDependency;
			target = C43039DF2D28FAD500B45D91 /* TestMacApp */;
			targetProxy = C43039FC2D28FAD700B45D91 /* PBXContainerItemProxy */;
		};
/* End PBXTargetDependency section */

/* Begin XCBuildConfiguration section */
		C4303A032D28FAD700B45D91 /* Debug */ = {
			isa = XCBuildConfiguration;
			buildSettings = {
				ALWAYS_SEARCH_USER_PATHS = NO;
				ASSETCATALOG_COMPILER_GENERATE_SWIFT_ASSET_SYMBOL_EXTENSIONS = YES;
				CLANG_ANALYZER_NONNULL = YES;
				CLANG_ANALYZER_NUMBER_OBJECT_CONVERSION = YES_AGGRESSIVE;
				CLANG_CXX_LANGUAGE_STANDARD = "gnu++20";
				CLANG_ENABLE_MODULES = YES;
				CLANG_ENABLE_OBJC_ARC = YES;
				CLANG_ENABLE_OBJC_WEAK = YES;
				CLANG_WARN_BLOCK_CAPTURE_AUTORELEASING = YES;
				CLANG_WARN_BOOL_CONVERSION = YES;
				CLANG_WARN_COMMA = YES;
				CLANG_WARN_CONSTANT_CONVERSION = YES;
				CLANG_WARN_DEPRECATED_OBJC_IMPLEMENTATIONS = YES;
				CLANG_WARN_DIRECT_OBJC_ISA_USAGE = YES_ERROR;
				CLANG_WARN_DOCUMENTATION_COMMENTS = YES;
				CLANG_WARN_EMPTY_BODY = YES;
				CLANG_WARN_ENUM_CONVERSION = YES;
				CLANG_WARN_INFINITE_RECURSION = YES;
				CLANG_WARN_INT_CONVERSION = YES;
				CLANG_WARN_NON_LITERAL_NULL_CONVERSION = YES;
				CLANG_WARN_OBJC_IMPLICIT_RETAIN_SELF = YES;
				CLANG_WARN_OBJC_LITERAL_CONVERSION = YES;
				CLANG_WARN_OBJC_ROOT_CLASS = YES_ERROR;
				CLANG_WARN_QUOTED_INCLUDE_IN_FRAMEWORK_HEADER = YES;
				CLANG_WARN_RANGE_LOOP_ANALYSIS = YES;
				CLANG_WARN_STRICT_PROTOTYPES = YES;
				CLANG_WARN_SUSPICIOUS_MOVE = YES;
				CLANG_WARN_UNGUARDED_AVAILABILITY = YES_AGGRESSIVE;
				CLANG_WARN_UNREACHABLE_CODE = YES;
				CLANG_WARN__DUPLICATE_METHOD_MATCH = YES;
				COPY_PHASE_STRIP = NO;
				DEBUG_INFORMATION_FORMAT = dwarf;
				ENABLE_STRICT_OBJC_MSGSEND = YES;
				ENABLE_TESTABILITY = YES;
				ENABLE_USER_SCRIPT_SANDBOXING = YES;
				GCC_C_LANGUAGE_STANDARD = gnu17;
				GCC_DYNAMIC_NO_PIC = NO;
				GCC_NO_COMMON_BLOCKS = YES;
				GCC_OPTIMIZATION_LEVEL = 0;
				GCC_PREPROCESSOR_DEFINITIONS = (
					"DEBUG=1",
					"$(inherited)",
				);
				GCC_WARN_64_TO_32_BIT_CONVERSION = YES;
				GCC_WARN_ABOUT_RETURN_TYPE = YES_ERROR;
				GCC_WARN_UNDECLARED_SELECTOR = YES;
				GCC_WARN_UNINITIALIZED_AUTOS = YES_AGGRESSIVE;
				GCC_WARN_UNUSED_FUNCTION = YES;
				GCC_WARN_UNUSED_VARIABLE = YES;
				LOCALIZATION_PREFERS_STRING_CATALOGS = YES;
				MACOSX_DEPLOYMENT_TARGET = 15.2;
				MTL_ENABLE_DEBUG_INFO = INCLUDE_SOURCE;
				MTL_FAST_MATH = YES;
				ONLY_ACTIVE_ARCH = YES;
				SDKROOT = macosx;
				SWIFT_ACTIVE_COMPILATION_CONDITIONS = "DEBUG $(inherited)";
				SWIFT_OPTIMIZATION_LEVEL = "-Onone";
			};
			name = Debug;
		};
		C4303A042D28FAD700B45D91 /* Release */ = {
			isa = XCBuildConfiguration;
			buildSettings = {
				ALWAYS_SEARCH_USER_PATHS = NO;
				ASSETCATALOG_COMPILER_GENERATE_SWIFT_ASSET_SYMBOL_EXTENSIONS = YES;
				CLANG_ANALYZER_NONNULL = YES;
				CLANG_ANALYZER_NUMBER_OBJECT_CONVERSION = YES_AGGRESSIVE;
				CLANG_CXX_LANGUAGE_STANDARD = "gnu++20";
				CLANG_ENABLE_MODULES = YES;
				CLANG_ENABLE_OBJC_ARC = YES;
				CLANG_ENABLE_OBJC_WEAK = YES;
				CLANG_WARN_BLOCK_CAPTURE_AUTORELEASING = YES;
				CLANG_WARN_BOOL_CONVERSION = YES;
				CLANG_WARN_COMMA = YES;
				CLANG_WARN_CONSTANT_CONVERSION = YES;
				CLANG_WARN_DEPRECATED_OBJC_IMPLEMENTATIONS = YES;
				CLANG_WARN_DIRECT_OBJC_ISA_USAGE = YES_ERROR;
				CLANG_WARN_DOCUMENTATION_COMMENTS = YES;
				CLANG_WARN_EMPTY_BODY = YES;
				CLANG_WARN_ENUM_CONVERSION = YES;
				CLANG_WARN_INFINITE_RECURSION = YES;
				CLANG_WARN_INT_CONVERSION = YES;
				CLANG_WARN_NON_LITERAL_NULL_CONVERSION = YES;
				CLANG_WARN_OBJC_IMPLICIT_RETAIN_SELF = YES;
				CLANG_WARN_OBJC_LITERAL_CONVERSION = YES;
				CLANG_WARN_OBJC_ROOT_CLASS = YES_ERROR;
				CLANG_WARN_QUOTED_INCLUDE_IN_FRAMEWORK_HEADER = YES;
				CLANG_WARN_RANGE_LOOP_ANALYSIS = YES;
				CLANG_WARN_STRICT_PROTOTYPES = YES;
				CLANG_WARN_SUSPICIOUS_MOVE = YES;
				CLANG_WARN_UNGUARDED_AVAILABILITY = YES_AGGRESSIVE;
				CLANG_WARN_UNREACHABLE_CODE = YES;
				CLANG_WARN__DUPLICATE_METHOD_MATCH = YES;
				COPY_PHASE_STRIP = NO;
				DEBUG_INFORMATION_FORMAT = "dwarf-with-dsym";
				ENABLE_NS_ASSERTIONS = NO;
				ENABLE_STRICT_OBJC_MSGSEND = YES;
				ENABLE_USER_SCRIPT_SANDBOXING = YES;
				GCC_C_LANGUAGE_STANDARD = gnu17;
				GCC_NO_COMMON_BLOCKS = YES;
				GCC_WARN_64_TO_32_BIT_CONVERSION = YES;
				GCC_WARN_ABOUT_RETURN_TYPE = YES_ERROR;
				GCC_WARN_UNDECLARED_SELECTOR = YES;
				GCC_WARN_UNINITIALIZED_AUTOS = YES_AGGRESSIVE;
				GCC_WARN_UNUSED_FUNCTION = YES;
				GCC_WARN_UNUSED_VARIABLE = YES;
				LOCALIZATION_PREFERS_STRING_CATALOGS = YES;
				MACOSX_DEPLOYMENT_TARGET = 15.2;
				MTL_ENABLE_DEBUG_INFO = NO;
				MTL_FAST_MATH = YES;
				SDKROOT = macosx;
				SWIFT_COMPILATION_MODE = wholemodule;
			};
			name = Release;
		};
		C4303A062D28FAD700B45D91 /* Debug */ = {
			isa = XCBuildConfiguration;
			buildSettings = {
				ASSETCATALOG_COMPILER_APPICON_NAME = AppIcon;
				ASSETCATALOG_COMPILER_GLOBAL_ACCENT_COLOR_NAME = AccentColor;
				CODE_SIGN_ENTITLEMENTS = TestMacApp/TestMacApp.entitlements;
				CODE_SIGN_STYLE = Automatic;
				COMBINE_HIDPI_IMAGES = YES;
				CURRENT_PROJECT_VERSION = 1;
				DEVELOPMENT_ASSET_PATHS = "\"TestMacApp/Preview Content\"";
				DEVELOPMENT_TEAM = Q8CAQYK7MD;
				ENABLE_HARDENED_RUNTIME = YES;
				ENABLE_PREVIEWS = YES;
				GENERATE_INFOPLIST_FILE = YES;
				INFOPLIST_KEY_NSHumanReadableCopyright = "";
				LD_RUNPATH_SEARCH_PATHS = (
					"$(inherited)",
					"@executable_path/../Frameworks",
				);
				MARKETING_VERSION = 1.0;
				PRODUCT_BUNDLE_IDENTIFIER = com.example.silhouette.TestMacApp;
				PRODUCT_NAME = "$(TARGET_NAME)";
				SWIFT_EMIT_LOC_STRINGS = YES;
				SWIFT_VERSION = 5.0;
			};
			name = Debug;
		};
		C4303A072D28FAD700B45D91 /* Release */ = {
			isa = XCBuildConfiguration;
			buildSettings = {
				ASSETCATALOG_COMPILER_APPICON_NAME = AppIcon;
				ASSETCATALOG_COMPILER_GLOBAL_ACCENT_COLOR_NAME = AccentColor;
				CODE_SIGN_ENTITLEMENTS = TestMacApp/TestMacApp.entitlements;
				CODE_SIGN_STYLE = Automatic;
				COMBINE_HIDPI_IMAGES = YES;
				CURRENT_PROJECT_VERSION = 1;
				DEVELOPMENT_ASSET_PATHS = "\"TestMacApp/Preview Content\"";
				DEVELOPMENT_TEAM = Q8CAQYK7MD;
				ENABLE_HARDENED_RUNTIME = YES;
				ENABLE_PREVIEWS = YES;
				GENERATE_INFOPLIST_FILE = YES;
				INFOPLIST_KEY_NSHumanReadableCopyright = "";
				LD_RUNPATH_SEARCH_PATHS = (
					"$(inherited)",
					"@executable_path/../Frameworks",
				);
				MARKETING_VERSION = 1.0;
				PRODUCT_BUNDLE_IDENTIFIER = com.example.silhouette.TestMacApp;
				PRODUCT_NAME = "$(TARGET_NAME)";
				SWIFT_EMIT_LOC_STRINGS = YES;
				SWIFT_VERSION = 5.0;
			};
			name = Release;
		};
		C4303A092D28FAD700B45D91 /* Debug */ = {
			isa = XCBuildConfiguration;
			buildSettings = {
				BUNDLE_LOADER = "$(TEST_HOST)";
				CODE_SIGN_STYLE = Automatic;
				CURRENT_PROJECT_VERSION = 1;
				DEVELOPMENT_TEAM = Q8CAQYK7MD;
				GENERATE_INFOPLIST_FILE = YES;
				MACOSX_DEPLOYMENT_TARGET = 15.2;
				MARKETING_VERSION = 1.0;
				PRODUCT_BUNDLE_IDENTIFIER = com.example.silhouette.TestMacAppTests;
				PRODUCT_NAME = "$(TARGET_NAME)";
				SWIFT_EMIT_LOC_STRINGS = NO;
				SWIFT_VERSION = 5.0;
				TEST_HOST = "$(BUILT_PRODUCTS_DIR)/TestMacApp.app/$(BUNDLE_EXECUTABLE_FOLDER_PATH)/TestMacApp";
			};
			name = Debug;
		};
		C4303A0A2D28FAD700B45D91 /* Release */ = {
			isa = XCBuildConfiguration;
			buildSettings = {
				BUNDLE_LOADER = "$(TEST_HOST)";
				CODE_SIGN_STYLE = Automatic;
				CURRENT_PROJECT_VERSION = 1;
				DEVELOPMENT_TEAM = Q8CAQYK7MD;
				GENERATE_INFOPLIST_FILE = YES;
				MACOSX_DEPLOYMENT_TARGET = 15.2;
				MARKETING_VERSION = 1.0;
				PRODUCT_BUNDLE_IDENTIFIER = com.example.silhouette.TestMacAppTests;
				PRODUCT_NAME = "$(TARGET_NAME)";
				SWIFT_EMIT_LOC_STRINGS = NO;
				SWIFT_VERSION = 5.0;
				TEST_HOST = "$(BUILT_PRODUCTS_DIR)/TestMacApp.app/$(BUNDLE_EXECUTABLE_FOLDER_PATH)/TestMacApp";
			};
			name = Release;
		};
		C4303A0C2D28FAD700B45D91 /* Debug */ = {
			isa = XCBuildConfiguration;
			buildSettings = {
				CODE_SIGN_STYLE = Automatic;
				CURRENT_PROJECT_VERSION = 1;
				DEVELOPMENT_TEAM = Q8CAQYK7MD;
				GENERATE_INFOPLIST_FILE = YES;
				MARKETING_VERSION = 1.0;
				PRODUCT_BUNDLE_IDENTIFIER = com.example.silhouette.TestMacAppUITests;
				PRODUCT_NAME = "$(TARGET_NAME)";
				SWIFT_EMIT_LOC_STRINGS = NO;
				SWIFT_VERSION = 5.0;
				TEST_TARGET_NAME = TestMacApp;
			};
			name = Debug;
		};
		C4303A0D2D28FAD700B45D91 /* Release */ = {
			isa = XCBuildConfiguration;
			buildSettings = {
				CODE_SIGN_STYLE = Automatic;
				CURRENT_PROJECT_VERSION = 1;
				DEVELOPMENT_TEAM = Q8CAQYK7MD;
				GENERATE_INFOPLIST_FILE = YES;
				MARKETING_VERSION = 1.0;
				PRODUCT_BUNDLE_IDENTIFIER = com.example.silhouette.TestMacAppUITests;
				PRODUCT_NAME = "$(TARGET_NAME)";
				SWIFT_EMIT_LOC_STRINGS = NO;
				SWIFT_VERSION = 5.0;
				TEST_TARGET_NAME = TestMacApp;
			};
			name = Release;
		};
/* End XCBuildConfiguration section */

/* Begin XCConfigurationList section */
		C43039DB2D28FAD500B45D91 /* Build configuration list for PBXProject "TestMacApp" */ = {
			isa = XCConfigurationList;
			buildConfigurations = (
				C4303A032D28FAD700B45D91 /* Debug */,
				C4303A042D28FAD700B45D91 /* Release */,
			);
			defaultConfigurationIsVisible = 0;
			defaultConfigurationName = Release;
		};
		C4303A052D28FAD700B45D91 /* Build configuration list for PBXNativeTarget "TestMacApp" */ = {
			isa = XCConfigurationList;
			buildConfigurations = (
				C4303A062D28FAD700B45D91 /* Debug */,
				C4303A072D28FAD700B45D91 /* Release */,
			);
			defaultConfigurationIsVisible = 0;
			defaultConfigurationName = Release;
		};
		C4303A082D28FAD700B45D91 /* Build configuration list for PBXNativeTarget "TestMacAppTests" */ = {
			isa = XCConfigurationList;
			buildConfigurations = (
				C4303A092D28FAD700B45D91 /* Debug */,
				C4303A0A2D28FAD700B45D91 /* Release */,
			);
			defaultConfigurationIsVisible = 0;
			defaultConfigurationName = Release;
		};
		C4303A0B2D28FAD700B45D91 /* Build configuration list for PBXNativeTarget "TestMacAppUITests" */ = {
			isa = XCConfigurationList;
			buildConfigurations = (
				C4303A0C2D28FAD700B45D91 /* Debug */,
				C4303A0D2D28FAD700B45D91 /* Release */,
			);
			defaultConfigurationIsVisible = 0;
			defaultConfigurationName = Release;
		};
/* End XCConfigurationList section */
	};
	rootObject = C43039D82D28FAD500B45D91 /* Project object */;
}
